# THIS IS AN AUTOGENERATED FILE. DO NOT EDIT THIS FILE DIRECTLY.
# yarn lockfile v1


minimist@^1.2.0:
  version "1.2.7"
  resolved "https://registry.yarnpkg.com/minimist/-/minimist-1.2.7.tgz#daa1c4d91f507390437c6a8bc01078e7000c4d18"
  integrity sha512-bzfL1YUZsP41gmu/qjrEk0Q6i2ix/cVeAhbCbqH9u3zYutS1cLg00qhrD0M2MVdCcx4Sc0UpP2eBWo9rotpq6g==

push-dir@^0.4.1:
  version "0.4.1"
  resolved "https://registry.yarnpkg.com/push-dir/-/push-dir-0.4.1.tgz#29481eacd9c2106bbb7941db6d37d122a071ecb4"
  integrity sha512-Nrrsly0c3kCfu725Jnif/s5adHpBwKCGWBttHVxTndF4iyGBSFtNi/pduFxHF5ks0kWtHcbA3XXP5MEra6iiCA==
  dependencies:
    minimist "^1.2.0"
